
Microsoft Visual Studio Solution File, Format Version 12.00
# Visual Studio Version 17
VisualStudioVersion = 17.5.002.0
MinimumVisualStudioVersion = 10.0.40219.1
Project("{9A19103F-16F7-4668-BE54-9A1E7A4F7556}") = "dyrmyshi.leo.5h.ECommerce", "dyrmyshi.leo.5h.ECommerce.csproj", "{23019169-4F4B-4783-9922-A1F59B99E1E3}"
EndProject
Global
	GlobalSection(SolutionConfigurationPlatforms) = preSolution
		Debug|Any CPU = Debug|Any CPU
		Release|Any CPU = Release|Any CPU
	EndGlobalSection
	GlobalSection(ProjectConfigurationPlatforms) = postSolution
		{23019169-4F4B-4783-9922-A1F59B99E1E3}.Debug|Any CPU.ActiveCfg = Debug|Any CPU
		{23019169-4F4B-4783-9922-A1F59B99E1E3}.Debug|Any CPU.Build.0 = Debug|Any CPU
		{23019169-4F4B-4783-9922-A1F59B99E1E3}.Release|Any CPU.ActiveCfg = Release|Any CPU
		{23019169-4F4B-4783-9922-A1F59B99E1E3}.Release|Any CPU.Build.0 = Release|Any CPU
	EndGlobalSection
	GlobalSection(SolutionProperties) = preSolution
		HideSolutionNode = FALSE
	EndGlobalSection
	GlobalSection(ExtensibilityGlobals) = postSolution
		SolutionGuid = {52967FD7-C16F-4C90-9952-877BA7DDA99A}
	EndGlobalSection
EndGlobal
